PODS:
  - Flutter (1.0.0)
  - flutter_apple_music (0.0.1):
    - Flutter

DEPENDENCIES:
  - Flutter (from `Flutter`)
  - flutter_apple_music (from `.symlinks/plugins/flutter_apple_music/ios`)

EXTERNAL SOURCES:
  Flutter:
    :path: Flutter
  flutter_apple_music:
    :path: ".symlinks/plugins/flutter_apple_music/ios"

SPEC CHECKSUMS:
  Flutter: 50d75fe2f02b26cc09d224853bb45737f8b3214a
  flutter_apple_music: e9aeb4db27ba4c8f66abd8404bef2fe315e7b5fe

PODFILE CHECKSUM: 7368163408c647b7eb699d0d788ba6718e18fb8d

COCOAPODS: 1.11.2
